// !$*UTF8*$!
{
	archiveVersion = 1;
	classes = {
	};
	objectVersion = 46;
	objects = {

/* Begin PBXBuildFile section */
		BDA7AE451EEA925600E09EBC /* TypeAlias.swift in Sources */ = {isa = PBXBuildFile; fileRef = BDA7AE441EEA925600E09EBC /* TypeAlias.swift */; };
		BDA7AE461EEA925600E09EBC /* TypeAlias.swift in Sources */ = {isa = PBXBuildFile; fileRef = BDA7AE441EEA925600E09EBC /* TypeAlias.swift */; };
		BDE8FBF61D1BFC8D00C5A212 /* Cache.framework in Frameworks */ = {isa = PBXBuildFile; fileRef = BDE8FBF51D1BFC8D00C5A212 /* Cache.framework */; };
		D2E6499D1D2109A2002F9730 /* Fetcher.swift in Sources */ = {isa = PBXBuildFile; fileRef = D2E6499A1D2109A2002F9730 /* Fetcher.swift */; };
		D2E6499E1D2109A2002F9730 /* Fetcher.swift in Sources */ = {isa = PBXBuildFile; fileRef = D2E6499A1D2109A2002F9730 /* Fetcher.swift */; };
		D2E649A01D210A74002F9730 /* Image+Cache.swift in Sources */ = {isa = PBXBuildFile; fileRef = D2E6499F1D210A74002F9730 /* Image+Cache.swift */; };
		D2E649A11D210A74002F9730 /* Image+Cache.swift in Sources */ = {isa = PBXBuildFile; fileRef = D2E6499F1D210A74002F9730 /* Image+Cache.swift */; };
		D2E649A31D210C1A002F9730 /* ImageView+Imaginary.swift in Sources */ = {isa = PBXBuildFile; fileRef = D2E649A21D210C1A002F9730 /* ImageView+Imaginary.swift */; };
		D2E649A41D210C1A002F9730 /* ImageView+Imaginary.swift in Sources */ = {isa = PBXBuildFile; fileRef = D2E649A21D210C1A002F9730 /* ImageView+Imaginary.swift */; };
		D2E649A61D210CD4002F9730 /* Decompressor.swift in Sources */ = {isa = PBXBuildFile; fileRef = D2E649A51D210CD4002F9730 /* Decompressor.swift */; };
		D2E649A81D210CDE002F9730 /* Decompressor.swift in Sources */ = {isa = PBXBuildFile; fileRef = D2E649A71D210CDE002F9730 /* Decompressor.swift */; };
		D2E649AA1D210E37002F9730 /* Configuration.swift in Sources */ = {isa = PBXBuildFile; fileRef = D2E649A91D210E37002F9730 /* Configuration.swift */; };
		D2E649AB1D210E37002F9730 /* Configuration.swift in Sources */ = {isa = PBXBuildFile; fileRef = D2E649A91D210E37002F9730 /* Configuration.swift */; };
		D2E649AE1D21105F002F9730 /* Configuration+Imaginary.swift in Sources */ = {isa = PBXBuildFile; fileRef = D2E649AD1D21105F002F9730 /* Configuration+Imaginary.swift */; };
		D2E649B01D211067002F9730 /* Configuration+Imaginary.swift in Sources */ = {isa = PBXBuildFile; fileRef = D2E649AF1D211067002F9730 /* Configuration+Imaginary.swift */; };
		D54225231D1D7A9300AF0046 /* Capsule.swift in Sources */ = {isa = PBXBuildFile; fileRef = D54225211D1D7A9300AF0046 /* Capsule.swift */; };
		D54225241D1D7A9300AF0046 /* NSHTTPURLResponse+Imaginary.swift in Sources */ = {isa = PBXBuildFile; fileRef = D54225221D1D7A9300AF0046 /* NSHTTPURLResponse+Imaginary.swift */; };
		D54225251D1D7A9600AF0046 /* Capsule.swift in Sources */ = {isa = PBXBuildFile; fileRef = D54225211D1D7A9300AF0046 /* Capsule.swift */; };
		D54225261D1D7A9900AF0046 /* NSHTTPURLResponse+Imaginary.swift in Sources */ = {isa = PBXBuildFile; fileRef = D54225221D1D7A9300AF0046 /* NSHTTPURLResponse+Imaginary.swift */; };
		D54225371D1D7AF100AF0046 /* NSImage+CGImage.swift in Sources */ = {isa = PBXBuildFile; fileRef = D54225291D1D7ABD00AF0046 /* NSImage+CGImage.swift */; };
		D59CC1341D79AF5B00D72C39 /* Drawers.swift in Sources */ = {isa = PBXBuildFile; fileRef = D59CC1331D79AF5B00D72C39 /* Drawers.swift */; };
		D59CC1361D79B00E00D72C39 /* UIImage+Modify.swift in Sources */ = {isa = PBXBuildFile; fileRef = D59CC1351D79B00E00D72C39 /* UIImage+Modify.swift */; };
		D59CC1381D79B23500D72C39 /* ImageDrawer.swift in Sources */ = {isa = PBXBuildFile; fileRef = D59CC1371D79B23500D72C39 /* ImageDrawer.swift */; };
		D59CC1391D79B23500D72C39 /* ImageDrawer.swift in Sources */ = {isa = PBXBuildFile; fileRef = D59CC1371D79B23500D72C39 /* ImageDrawer.swift */; };
		D5DF75B21C403FBF00BF1AB6 /* Cache.framework in Frameworks */ = {isa = PBXBuildFile; fileRef = D5DF75B11C403FBF00BF1AB6 /* Cache.framework */; };
/* End PBXBuildFile section */

/* Begin PBXFileReference section */
		BDA7AE441EEA925600E09EBC /* TypeAlias.swift */ = {isa = PBXFileReference; lastKnownFileType = sourcecode.swift; path = TypeAlias.swift; sourceTree = "<group>"; };
		BDE8FBE91D1BFB9F00C5A212 /* Imaginary.framework */ = {isa = PBXFileReference; explicitFileType = wrapper.framework; includeInIndex = 0; path = Imaginary.framework; sourceTree = BUILT_PRODUCTS_DIR; };
		BDE8FBF41D1BFC7C00C5A212 /* Info.plist */ = {isa = PBXFileReference; lastKnownFileType = text.plist.xml; path = Info.plist; sourceTree = "<group>"; };
		BDE8FBF51D1BFC8D00C5A212 /* Cache.framework */ = {isa = PBXFileReference; lastKnownFileType = wrapper.framework; name = Cache.framework; path = Carthage/Build/Mac/Cache.framework; sourceTree = "<group>"; };
		D2E6499A1D2109A2002F9730 /* Fetcher.swift */ = {isa = PBXFileReference; fileEncoding = 4; lastKnownFileType = sourcecode.swift; path = Fetcher.swift; sourceTree = "<group>"; };
		D2E6499F1D210A74002F9730 /* Image+Cache.swift */ = {isa = PBXFileReference; fileEncoding = 4; lastKnownFileType = sourcecode.swift; path = "Image+Cache.swift"; sourceTree = "<group>"; };
		D2E649A21D210C1A002F9730 /* ImageView+Imaginary.swift */ = {isa = PBXFileReference; fileEncoding = 4; lastKnownFileType = sourcecode.swift; path = "ImageView+Imaginary.swift"; sourceTree = "<group>"; };
		D2E649A51D210CD4002F9730 /* Decompressor.swift */ = {isa = PBXFileReference; fileEncoding = 4; lastKnownFileType = sourcecode.swift; path = Decompressor.swift; sourceTree = "<group>"; };
		D2E649A71D210CDE002F9730 /* Decompressor.swift */ = {isa = PBXFileReference; fileEncoding = 4; lastKnownFileType = sourcecode.swift; path = Decompressor.swift; sourceTree = "<group>"; };
		D2E649A91D210E37002F9730 /* Configuration.swift */ = {isa = PBXFileReference; fileEncoding = 4; lastKnownFileType = sourcecode.swift; path = Configuration.swift; sourceTree = "<group>"; };
		D2E649AD1D21105F002F9730 /* Configuration+Imaginary.swift */ = {isa = PBXFileReference; fileEncoding = 4; lastKnownFileType = sourcecode.swift; path = "Configuration+Imaginary.swift"; sourceTree = "<group>"; };
		D2E649AF1D211067002F9730 /* Configuration+Imaginary.swift */ = {isa = PBXFileReference; fileEncoding = 4; lastKnownFileType = sourcecode.swift; path = "Configuration+Imaginary.swift"; sourceTree = "<group>"; };
		D54225211D1D7A9300AF0046 /* Capsule.swift */ = {isa = PBXFileReference; fileEncoding = 4; lastKnownFileType = sourcecode.swift; path = Capsule.swift; sourceTree = "<group>"; };
		D54225221D1D7A9300AF0046 /* NSHTTPURLResponse+Imaginary.swift */ = {isa = PBXFileReference; fileEncoding = 4; lastKnownFileType = sourcecode.swift; path = "NSHTTPURLResponse+Imaginary.swift"; sourceTree = "<group>"; };
		D54225291D1D7ABD00AF0046 /* NSImage+CGImage.swift */ = {isa = PBXFileReference; fileEncoding = 4; lastKnownFileType = sourcecode.swift; path = "NSImage+CGImage.swift"; sourceTree = "<group>"; };
		D59CC1331D79AF5B00D72C39 /* Drawers.swift */ = {isa = PBXFileReference; fileEncoding = 4; lastKnownFileType = sourcecode.swift; path = Drawers.swift; sourceTree = "<group>"; };
		D59CC1351D79B00E00D72C39 /* UIImage+Modify.swift */ = {isa = PBXFileReference; fileEncoding = 4; lastKnownFileType = sourcecode.swift; path = "UIImage+Modify.swift"; sourceTree = "<group>"; };
		D59CC1371D79B23500D72C39 /* ImageDrawer.swift */ = {isa = PBXFileReference; fileEncoding = 4; lastKnownFileType = sourcecode.swift; path = ImageDrawer.swift; sourceTree = "<group>"; };
		D5DF75911C403D8200BF1AB6 /* Imaginary.framework */ = {isa = PBXFileReference; explicitFileType = wrapper.framework; includeInIndex = 0; path = Imaginary.framework; sourceTree = BUILT_PRODUCTS_DIR; };
		D5DF759E1C403E1000BF1AB6 /* Info.plist */ = {isa = PBXFileReference; fileEncoding = 4; lastKnownFileType = text.plist.xml; path = Info.plist; sourceTree = "<group>"; };
		D5DF75B11C403FBF00BF1AB6 /* Cache.framework */ = {isa = PBXFileReference; lastKnownFileType = wrapper.framework; name = Cache.framework; path = Carthage/Build/iOS/Cache.framework; sourceTree = "<group>"; };
/* End PBXFileReference section */

/* Begin PBXFrameworksBuildPhase section */
		BDE8FBE51D1BFB9F00C5A212 /* Frameworks */ = {
			isa = PBXFrameworksBuildPhase;
			buildActionMask = 2147483647;
			files = (
				BDE8FBF61D1BFC8D00C5A212 /* Cache.framework in Frameworks */,
			);
			runOnlyForDeploymentPostprocessing = 0;
		};
		D5DF758D1C403D8200BF1AB6 /* Frameworks */ = {
			isa = PBXFrameworksBuildPhase;
			buildActionMask = 2147483647;
			files = (
				D5DF75B21C403FBF00BF1AB6 /* Cache.framework in Frameworks */,
			);
			runOnlyForDeploymentPostprocessing = 0;
		};
/* End PBXFrameworksBuildPhase section */

/* Begin PBXGroup section */
		BDE8FBCC1D1BFA4F00C5A212 /* Sources */ = {
			isa = PBXGroup;
			children = (
				BDE8FBCD1D1BFA4F00C5A212 /* iOS */,
				BDE8FBD51D1BFA4F00C5A212 /* Mac */,
				BDE8FBD61D1BFA4F00C5A212 /* Shared */,
			);
			path = Sources;
			sourceTree = "<group>";
		};
		BDE8FBCD1D1BFA4F00C5A212 /* iOS */ = {
			isa = PBXGroup;
			children = (
				D59CC1321D79AF5100D72C39 /* Drawers */,
				D2E649AC1D21105F002F9730 /* Extensions */,
				D2E649A51D210CD4002F9730 /* Decompressor.swift */,
			);
			path = iOS;
			sourceTree = "<group>";
		};
		BDE8FBD51D1BFA4F00C5A212 /* Mac */ = {
			isa = PBXGroup;
			children = (
				D54225271D1D7ABD00AF0046 /* Extensions */,
				D2E649A71D210CDE002F9730 /* Decompressor.swift */,
			);
			path = Mac;
			sourceTree = "<group>";
		};
		BDE8FBD61D1BFA4F00C5A212 /* Shared */ = {
			isa = PBXGroup;
			children = (
				D54225211D1D7A9300AF0046 /* Capsule.swift */,
				D2E649A91D210E37002F9730 /* Configuration.swift */,
				D2E6499A1D2109A2002F9730 /* Fetcher.swift */,
				D2E6499F1D210A74002F9730 /* Image+Cache.swift */,
				D59CC1371D79B23500D72C39 /* ImageDrawer.swift */,
				D2E649A21D210C1A002F9730 /* ImageView+Imaginary.swift */,
				D54225221D1D7A9300AF0046 /* NSHTTPURLResponse+Imaginary.swift */,
				BDA7AE441EEA925600E09EBC /* TypeAlias.swift */,
			);
			path = Shared;
			sourceTree = "<group>";
		};
		BDE8FBF31D1BFC7C00C5A212 /* Mac */ = {
			isa = PBXGroup;
			children = (
				BDE8FBF41D1BFC7C00C5A212 /* Info.plist */,
			);
			path = Mac;
			sourceTree = "<group>";
		};
		D2E649AC1D21105F002F9730 /* Extensions */ = {
			isa = PBXGroup;
			children = (
				D2E649AD1D21105F002F9730 /* Configuration+Imaginary.swift */,
			);
			path = Extensions;
			sourceTree = "<group>";
		};
		D54225271D1D7ABD00AF0046 /* Extensions */ = {
			isa = PBXGroup;
			children = (
				D2E649AF1D211067002F9730 /* Configuration+Imaginary.swift */,
				D54225291D1D7ABD00AF0046 /* NSImage+CGImage.swift */,
			);
			path = Extensions;
			sourceTree = "<group>";
		};
		D59CC1321D79AF5100D72C39 /* Drawers */ = {
			isa = PBXGroup;
			children = (
				D59CC1331D79AF5B00D72C39 /* Drawers.swift */,
				D59CC1351D79B00E00D72C39 /* UIImage+Modify.swift */,
			);
			path = Drawers;
			sourceTree = "<group>";
		};
		D5B274C41DB8B0A900992392 /* Frameworks */ = {
			isa = PBXGroup;
			children = (
				BDE8FBF51D1BFC8D00C5A212 /* Cache.framework */,
				D5DF75B11C403FBF00BF1AB6 /* Cache.framework */,
			);
			name = Frameworks;
			sourceTree = "<group>";
		};
		D5DF75871C403D8200BF1AB6 = {
			isa = PBXGroup;
			children = (
				BDE8FBCC1D1BFA4F00C5A212 /* Sources */,
				D5B274C41DB8B0A900992392 /* Frameworks */,
				D5DF759C1C403E1000BF1AB6 /* Imaginary */,
				D5DF75921C403D8200BF1AB6 /* Products */,
			);
			sourceTree = "<group>";
		};
		D5DF75921C403D8200BF1AB6 /* Products */ = {
			isa = PBXGroup;
			children = (
				D5DF75911C403D8200BF1AB6 /* Imaginary.framework */,
				BDE8FBE91D1BFB9F00C5A212 /* Imaginary.framework */,
			);
			name = Products;
			sourceTree = "<group>";
		};
		D5DF759C1C403E1000BF1AB6 /* Imaginary */ = {
			isa = PBXGroup;
			children = (
				BDE8FBF31D1BFC7C00C5A212 /* Mac */,
				D5DF759D1C403E1000BF1AB6 /* iOS */,
			);
			path = Imaginary;
			sourceTree = "<group>";
		};
		D5DF759D1C403E1000BF1AB6 /* iOS */ = {
			isa = PBXGroup;
			children = (
				D5DF759E1C403E1000BF1AB6 /* Info.plist */,
			);
			path = iOS;
			sourceTree = "<group>";
		};
/* End PBXGroup section */

/* Begin PBXHeadersBuildPhase section */
		BDE8FBE61D1BFB9F00C5A212 /* Headers */ = {
			isa = PBXHeadersBuildPhase;
			buildActionMask = 2147483647;
			files = (
			);
			runOnlyForDeploymentPostprocessing = 0;
		};
		D5DF758E1C403D8200BF1AB6 /* Headers */ = {
			isa = PBXHeadersBuildPhase;
			buildActionMask = 2147483647;
			files = (
			);
			runOnlyForDeploymentPostprocessing = 0;
		};
/* End PBXHeadersBuildPhase section */

/* Begin PBXNativeTarget section */
		BDE8FBE81D1BFB9F00C5A212 /* Imaginary-Mac */ = {
			isa = PBXNativeTarget;
			buildConfigurationList = BDE8FBEE1D1BFB9F00C5A212 /* Build configuration list for PBXNativeTarget "Imaginary-Mac" */;
			buildPhases = (
				BDE8FBE41D1BFB9F00C5A212 /* Sources */,
				BDE8FBE51D1BFB9F00C5A212 /* Frameworks */,
				BDE8FBE61D1BFB9F00C5A212 /* Headers */,
				BDE8FBE71D1BFB9F00C5A212 /* Resources */,
				BDE8FBF21D1BFBB300C5A212 /* ShellScript */,
				BDE8FBF11D1BFBAB00C5A212 /* ShellScript */,
			);
			buildRules = (
			);
			dependencies = (
			);
			name = "Imaginary-Mac";
			productName = "Imaginary-Mac";
			productReference = BDE8FBE91D1BFB9F00C5A212 /* Imaginary.framework */;
			productType = "com.apple.product-type.framework";
		};
		D5DF75901C403D8200BF1AB6 /* Imaginary-iOS */ = {
			isa = PBXNativeTarget;
			buildConfigurationList = D5DF75991C403D8200BF1AB6 /* Build configuration list for PBXNativeTarget "Imaginary-iOS" */;
			buildPhases = (
				D5DF758C1C403D8200BF1AB6 /* Sources */,
				D5DF758D1C403D8200BF1AB6 /* Frameworks */,
				D5DF758E1C403D8200BF1AB6 /* Headers */,
				D5DF758F1C403D8200BF1AB6 /* Resources */,
				D5DF75B31C403FC700BF1AB6 /* Run Script */,
				BD58C3AF1CF30382003F7141 /* ShellScript */,
			);
			buildRules = (
			);
			dependencies = (
			);
			name = "Imaginary-iOS";
			productName = Imaginary;
			productReference = D5DF75911C403D8200BF1AB6 /* Imaginary.framework */;
			productType = "com.apple.product-type.framework";
		};
/* End PBXNativeTarget section */

/* Begin PBXProject section */
		D5DF75881C403D8200BF1AB6 /* Project object */ = {
			isa = PBXProject;
			attributes = {
				LastUpgradeCheck = 0800;
				ORGANIZATIONNAME = "Hyper Interaktiv AS";
				TargetAttributes = {
					BDE8FBE81D1BFB9F00C5A212 = {
						CreatedOnToolsVersion = 7.3.1;
					};
					D5DF75901C403D8200BF1AB6 = {
						CreatedOnToolsVersion = 7.2;
						LastSwiftMigration = 0800;
					};
				};
			};
			buildConfigurationList = D5DF758B1C403D8200BF1AB6 /* Build configuration list for PBXProject "Imaginary" */;
			compatibilityVersion = "Xcode 3.2";
			developmentRegion = English;
			hasScannedForEncodings = 0;
			knownRegions = (
				en,
			);
			mainGroup = D5DF75871C403D8200BF1AB6;
			productRefGroup = D5DF75921C403D8200BF1AB6 /* Products */;
			projectDirPath = "";
			projectRoot = "";
			targets = (
				D5DF75901C403D8200BF1AB6 /* Imaginary-iOS */,
				BDE8FBE81D1BFB9F00C5A212 /* Imaginary-Mac */,
			);
		};
/* End PBXProject section */

/* Begin PBXResourcesBuildPhase section */
		BDE8FBE71D1BFB9F00C5A212 /* Resources */ = {
			isa = PBXResourcesBuildPhase;
			buildActionMask = 2147483647;
			files = (
			);
			runOnlyForDeploymentPostprocessing = 0;
		};
		D5DF758F1C403D8200BF1AB6 /* Resources */ = {
			isa = PBXResourcesBuildPhase;
			buildActionMask = 2147483647;
			files = (
			);
			runOnlyForDeploymentPostprocessing = 0;
		};
/* End PBXResourcesBuildPhase section */

/* Begin PBXShellScriptBuildPhase section */
		BD58C3AF1CF30382003F7141 /* ShellScript */ = {
			isa = PBXShellScriptBuildPhase;
			buildActionMask = 2147483647;
			files = (
			);
			inputPaths = (
			);
			outputPaths = (
			);
			runOnlyForDeploymentPostprocessing = 0;
			shellPath = /bin/sh;
			shellScript = "if which swiftlint >/dev/null; then\n  swiftlint\nelse\n  echo \"warning: SwiftLint not installed, download from https://github.com/realm/SwiftLint\"\nfi";
		};
		BDE8FBF11D1BFBAB00C5A212 /* ShellScript */ = {
			isa = PBXShellScriptBuildPhase;
			buildActionMask = 2147483647;
			files = (
			);
			inputPaths = (
			);
			outputPaths = (
			);
			runOnlyForDeploymentPostprocessing = 0;
			shellPath = /bin/sh;
			shellScript = "if which swiftlint >/dev/null; then\nswiftlint\nelse\necho \"warning: SwiftLint not installed, download from https://github.com/realm/SwiftLint\"\nfi";
		};
		BDE8FBF21D1BFBB300C5A212 /* ShellScript */ = {
			isa = PBXShellScriptBuildPhase;
			buildActionMask = 2147483647;
			files = (
			);
			inputPaths = (
				"$(SRCROOT)/Carthage/Build/Mac/Cache.framework",
			);
			outputPaths = (
			);
			runOnlyForDeploymentPostprocessing = 0;
			shellPath = /bin/sh;
			shellScript = "/usr/local/bin/carthage copy-frameworks";
		};
		D5DF75B31C403FC700BF1AB6 /* Run Script */ = {
			isa = PBXShellScriptBuildPhase;
			buildActionMask = 2147483647;
			files = (
			);
			inputPaths = (
				"$(SRCROOT)/Carthage/Build/iOS/Cache.framework",
			);
			name = "Run Script";
			outputPaths = (
			);
			runOnlyForDeploymentPostprocessing = 0;
			shellPath = /bin/sh;
			shellScript = "/usr/local/bin/carthage copy-frameworks";
		};
/* End PBXShellScriptBuildPhase section */

/* Begin PBXSourcesBuildPhase section */
		BDE8FBE41D1BFB9F00C5A212 /* Sources */ = {
			isa = PBXSourcesBuildPhase;
			buildActionMask = 2147483647;
			files = (
				D59CC1391D79B23500D72C39 /* ImageDrawer.swift in Sources */,
				D2E649A81D210CDE002F9730 /* Decompressor.swift in Sources */,
				D2E649A41D210C1A002F9730 /* ImageView+Imaginary.swift in Sources */,
				D2E649B01D211067002F9730 /* Configuration+Imaginary.swift in Sources */,
				D54225251D1D7A9600AF0046 /* Capsule.swift in Sources */,
				D2E649AB1D210E37002F9730 /* Configuration.swift in Sources */,
				D2E6499E1D2109A2002F9730 /* Fetcher.swift in Sources */,
				D2E649A11D210A74002F9730 /* Image+Cache.swift in Sources */,
				BDA7AE461EEA925600E09EBC /* TypeAlias.swift in Sources */,
				D54225371D1D7AF100AF0046 /* NSImage+CGImage.swift in Sources */,
				D54225261D1D7A9900AF0046 /* NSHTTPURLResponse+Imaginary.swift in Sources */,
			);
			runOnlyForDeploymentPostprocessing = 0;
		};
		D5DF758C1C403D8200BF1AB6 /* Sources */ = {
			isa = PBXSourcesBuildPhase;
			buildActionMask = 2147483647;
			files = (
				D59CC1341D79AF5B00D72C39 /* Drawers.swift in Sources */,
				D59CC1381D79B23500D72C39 /* ImageDrawer.swift in Sources */,
				BDA7AE451EEA925600E09EBC /* TypeAlias.swift in Sources */,
				D2E649AE1D21105F002F9730 /* Configuration+Imaginary.swift in Sources */,
				D2E649A31D210C1A002F9730 /* ImageView+Imaginary.swift in Sources */,
				D2E649A61D210CD4002F9730 /* Decompressor.swift in Sources */,
				D54225241D1D7A9300AF0046 /* NSHTTPURLResponse+Imaginary.swift in Sources */,
				D59CC1361D79B00E00D72C39 /* UIImage+Modify.swift in Sources */,
				D2E649A01D210A74002F9730 /* Image+Cache.swift in Sources */,
				D2E649AA1D210E37002F9730 /* Configuration.swift in Sources */,
				D54225231D1D7A9300AF0046 /* Capsule.swift in Sources */,
				D2E6499D1D2109A2002F9730 /* Fetcher.swift in Sources */,
			);
			runOnlyForDeploymentPostprocessing = 0;
		};
/* End PBXSourcesBuildPhase section */

/* Begin XCBuildConfiguration section */
		BDE8FBEF1D1BFB9F00C5A212 /* Debug */ = {
			isa = XCBuildConfiguration;
			buildSettings = {
				CLANG_ANALYZER_NONNULL = YES;
				CODE_SIGN_IDENTITY = "";
				COMBINE_HIDPI_IMAGES = YES;
				DEFINES_MODULE = YES;
				DYLIB_COMPATIBILITY_VERSION = 1;
				DYLIB_CURRENT_VERSION = 1;
				DYLIB_INSTALL_NAME_BASE = "@rpath";
				FRAMEWORK_SEARCH_PATHS = (
					"$(inherited)",
					"$(PROJECT_DIR)/Carthage/Build/Mac",
				);
				FRAMEWORK_VERSION = A;
				INFOPLIST_FILE = "$(SRCROOT)/Imaginary/Mac/Info.plist";
				INSTALL_PATH = "$(LOCAL_LIBRARY_DIR)/Frameworks";
				LD_RUNPATH_SEARCH_PATHS = "$(inherited) @executable_path/../Frameworks @loader_path/Frameworks";
				MACOSX_DEPLOYMENT_TARGET = 10.11;
				PRODUCT_BUNDLE_IDENTIFIER = "no.hyper.Imaginary-Mac";
				PRODUCT_NAME = Imaginary;
				SDKROOT = macosx;
				SKIP_INSTALL = YES;
				SWIFT_VERSION = 3.0;
			};
			name = Debug;
		};
		BDE8FBF01D1BFB9F00C5A212 /* Release */ = {
			isa = XCBuildConfiguration;
			buildSettings = {
				CLANG_ANALYZER_NONNULL = YES;
				CODE_SIGN_IDENTITY = "";
				COMBINE_HIDPI_IMAGES = YES;
				DEFINES_MODULE = YES;
				DYLIB_COMPATIBILITY_VERSION = 1;
				DYLIB_CURRENT_VERSION = 1;
				DYLIB_INSTALL_NAME_BASE = "@rpath";
				FRAMEWORK_SEARCH_PATHS = (
					"$(inherited)",
					"$(PROJECT_DIR)/Carthage/Build/Mac",
				);
				FRAMEWORK_VERSION = A;
				INFOPLIST_FILE = "$(SRCROOT)/Imaginary/Mac/Info.plist";
				INSTALL_PATH = "$(LOCAL_LIBRARY_DIR)/Frameworks";
				LD_RUNPATH_SEARCH_PATHS = "$(inherited) @executable_path/../Frameworks @loader_path/Frameworks";
				MACOSX_DEPLOYMENT_TARGET = 10.11;
				PRODUCT_BUNDLE_IDENTIFIER = "no.hyper.Imaginary-Mac";
				PRODUCT_NAME = Imaginary;
				SDKROOT = macosx;
				SKIP_INSTALL = YES;
				SWIFT_VERSION = 3.0;
			};
			name = Release;
		};
		D5DF75971C403D8200BF1AB6 /* Debug */ = {
			isa = XCBuildConfiguration;
			buildSettings = {
				ALWAYS_SEARCH_USER_PATHS = NO;
				CLANG_CXX_LANGUAGE_STANDARD = "gnu++0x";
				CLANG_CXX_LIBRARY = "libc++";
				CLANG_ENABLE_MODULES = YES;
				CLANG_ENABLE_OBJC_ARC = YES;
				CLANG_WARN_BOOL_CONVERSION = YES;
				CLANG_WARN_CONSTANT_CONVERSION = YES;
				CLANG_WARN_DIRECT_OBJC_ISA_USAGE = YES_ERROR;
				CLANG_WARN_EMPTY_BODY = YES;
				CLANG_WARN_ENUM_CONVERSION = YES;
				CLANG_WARN_INFINITE_RECURSION = YES;
				CLANG_WARN_INT_CONVERSION = YES;
				CLANG_WARN_OBJC_ROOT_CLASS = YES_ERROR;
				CLANG_WARN_SUSPICIOUS_MOVE = YES;
				CLANG_WARN_UNREACHABLE_CODE = YES;
				CLANG_WARN__DUPLICATE_METHOD_MATCH = YES;
				"CODE_SIGN_IDENTITY[sdk=iphoneos*]" = "iPhone Developer";
				COPY_PHASE_STRIP = NO;
				CURRENT_PROJECT_VERSION = 1;
				DEBUG_INFORMATION_FORMAT = dwarf;
				ENABLE_STRICT_OBJC_MSGSEND = YES;
				ENABLE_TESTABILITY = YES;
				GCC_C_LANGUAGE_STANDARD = gnu99;
				GCC_DYNAMIC_NO_PIC = NO;
				GCC_NO_COMMON_BLOCKS = YES;
				GCC_OPTIMIZATION_LEVEL = 0;
				GCC_PREPROCESSOR_DEFINITIONS = (
					"DEBUG=1",
					"$(inherited)",
				);
				GCC_WARN_64_TO_32_BIT_CONVERSION = YES;
				GCC_WARN_ABOUT_RETURN_TYPE = YES_ERROR;
				GCC_WARN_UNDECLARED_SELECTOR = YES;
				GCC_WARN_UNINITIALIZED_AUTOS = YES_AGGRESSIVE;
				GCC_WARN_UNUSED_FUNCTION = YES;
				GCC_WARN_UNUSED_VARIABLE = YES;
				IPHONEOS_DEPLOYMENT_TARGET = 9.2;
				MTL_ENABLE_DEBUG_INFO = YES;
				ONLY_ACTIVE_ARCH = YES;
				SDKROOT = iphoneos;
				SWIFT_OPTIMIZATION_LEVEL = "-Onone";
				TARGETED_DEVICE_FAMILY = "1,2";
				VERSIONING_SYSTEM = "apple-generic";
				VERSION_INFO_PREFIX = "";
			};
			name = Debug;
		};
		D5DF75981C403D8200BF1AB6 /* Release */ = {
			isa = XCBuildConfiguration;
			buildSettings = {
				ALWAYS_SEARCH_USER_PATHS = NO;
				CLANG_CXX_LANGUAGE_STANDARD = "gnu++0x";
				CLANG_CXX_LIBRARY = "libc++";
				CLANG_ENABLE_MODULES = YES;
				CLANG_ENABLE_OBJC_ARC = YES;
				CLANG_WARN_BOOL_CONVERSION = YES;
				CLANG_WARN_CONSTANT_CONVERSION = YES;
				CLANG_WARN_DIRECT_OBJC_ISA_USAGE = YES_ERROR;
				CLANG_WARN_EMPTY_BODY = YES;
				CLANG_WARN_ENUM_CONVERSION = YES;
				CLANG_WARN_INFINITE_RECURSION = YES;
				CLANG_WARN_INT_CONVERSION = YES;
				CLANG_WARN_OBJC_ROOT_CLASS = YES_ERROR;
				CLANG_WARN_SUSPICIOUS_MOVE = YES;
				CLANG_WARN_UNREACHABLE_CODE = YES;
				CLANG_WARN__DUPLICATE_METHOD_MATCH = YES;
				"CODE_SIGN_IDENTITY[sdk=iphoneos*]" = "iPhone Developer";
				COPY_PHASE_STRIP = NO;
				CURRENT_PROJECT_VERSION = 1;
				DEBUG_INFORMATION_FORMAT = "dwarf-with-dsym";
				ENABLE_NS_ASSERTIONS = NO;
				ENABLE_STRICT_OBJC_MSGSEND = YES;
				GCC_C_LANGUAGE_STANDARD = gnu99;
				GCC_NO_COMMON_BLOCKS = YES;
				GCC_WARN_64_TO_32_BIT_CONVERSION = YES;
				GCC_WARN_ABOUT_RETURN_TYPE = YES_ERROR;
				GCC_WARN_UNDECLARED_SELECTOR = YES;
				GCC_WARN_UNINITIALIZED_AUTOS = YES_AGGRESSIVE;
				GCC_WARN_UNUSED_FUNCTION = YES;
				GCC_WARN_UNUSED_VARIABLE = YES;
				IPHONEOS_DEPLOYMENT_TARGET = 9.2;
				MTL_ENABLE_DEBUG_INFO = NO;
				SDKROOT = iphoneos;
				SWIFT_OPTIMIZATION_LEVEL = "-Owholemodule";
				TARGETED_DEVICE_FAMILY = "1,2";
				VALIDATE_PRODUCT = YES;
				VERSIONING_SYSTEM = "apple-generic";
				VERSION_INFO_PREFIX = "";
			};
			name = Release;
		};
		D5DF759A1C403D8200BF1AB6 /* Debug */ = {
			isa = XCBuildConfiguration;
			buildSettings = {
				"CODE_SIGN_IDENTITY[sdk=iphoneos*]" = "";
				DEFINES_MODULE = YES;
				DYLIB_COMPATIBILITY_VERSION = 1;
				DYLIB_CURRENT_VERSION = 1;
				DYLIB_INSTALL_NAME_BASE = "@rpath";
				FRAMEWORK_SEARCH_PATHS = (
					"$(inherited)",
					"$(PROJECT_DIR)/Carthage/Build/iOS",
				);
				INFOPLIST_FILE = "$(SRCROOT)/Imaginary/iOS/Info.plist";
				INSTALL_PATH = "$(LOCAL_LIBRARY_DIR)/Frameworks";
				IPHONEOS_DEPLOYMENT_TARGET = 8.0;
				LD_RUNPATH_SEARCH_PATHS = "$(inherited) @executable_path/Frameworks @loader_path/Frameworks";
				PRODUCT_BUNDLE_IDENTIFIER = no.hyper.Imaginary;
				PRODUCT_NAME = Imaginary;
				SKIP_INSTALL = YES;
				SWIFT_VERSION = 3.0;
			};
			name = Debug;
		};
		D5DF759B1C403D8200BF1AB6 /* Release */ = {
			isa = XCBuildConfiguration;
			buildSettings = {
				"CODE_SIGN_IDENTITY[sdk=iphoneos*]" = "";
				DEFINES_MODULE = YES;
				DYLIB_COMPATIBILITY_VERSION = 1;
				DYLIB_CURRENT_VERSION = 1;
				DYLIB_INSTALL_NAME_BASE = "@rpath";
				FRAMEWORK_SEARCH_PATHS = (
					"$(inherited)",
					"$(PROJECT_DIR)/Carthage/Build/iOS",
				);
				INFOPLIST_FILE = "$(SRCROOT)/Imaginary/iOS/Info.plist";
				INSTALL_PATH = "$(LOCAL_LIBRARY_DIR)/Frameworks";
				IPHONEOS_DEPLOYMENT_TARGET = 8.0;
				LD_RUNPATH_SEARCH_PATHS = "$(inherited) @executable_path/Frameworks @loader_path/Frameworks";
				PRODUCT_BUNDLE_IDENTIFIER = no.hyper.Imaginary;
				PRODUCT_NAME = Imaginary;
				SKIP_INSTALL = YES;
				SWIFT_VERSION = 3.0;
			};
			name = Release;
		};
/* End XCBuildConfiguration section */

/* Begin XCConfigurationList section */
		BDE8FBEE1D1BFB9F00C5A212 /* Build configuration list for PBXNativeTarget "Imaginary-Mac" */ = {
			isa = XCConfigurationList;
			buildConfigurations = (
				BDE8FBEF1D1BFB9F00C5A212 /* Debug */,
				BDE8FBF01D1BFB9F00C5A212 /* Release */,
			);
			defaultConfigurationIsVisible = 0;
			defaultConfigurationName = Release;
		};
		D5DF758B1C403D8200BF1AB6 /* Build configuration list for PBXProject "Imaginary" */ = {
			isa = XCConfigurationList;
			buildConfigurations = (
				D5DF75971C403D8200BF1AB6 /* Debug */,
				D5DF75981C403D8200BF1AB6 /* Release */,
			);
			defaultConfigurationIsVisible = 0;
			defaultConfigurationName = Release;
		};
		D5DF75991C403D8200BF1AB6 /* Build configuration list for PBXNativeTarget "Imaginary-iOS" */ = {
			isa = XCConfigurationList;
			buildConfigurations = (
				D5DF759A1C403D8200BF1AB6 /* Debug */,
				D5DF759B1C403D8200BF1AB6 /* Release */,
			);
			defaultConfigurationIsVisible = 0;
			defaultConfigurationName = Release;
		};
/* End XCConfigurationList section */
	};
	rootObject = D5DF75881C403D8200BF1AB6 /* Project object */;
}
