PODS:
  - Cache (6.0.0)
  - Imaginary (5.0.0):
    - Cache (~> 6.0.0)

DEPENDENCIES:
  - Imaginary (from `../../`)

SPEC REPOS:
  trunk:
    - Cache

EXTERNAL SOURCES:
  Imaginary:
    :path: "../../"

SPEC CHECKSUMS:
  Cache: 4ca7e00363fca5455f26534e5607634c820ffc2d
  Imaginary: cf5e3a7dd6ab1dcbd47ba8ce5edf2307c4e99eb3

PODFILE CHECKSUM: f44736d98f74418007761e4973f2c94b08d5db15

COCOAPODS: 1.11.3
