PODS:
  - Cache (0.1.0)
  - Fakery (1.1.0):
    - SwiftyJSON
  - Imaginary (0.1.0):
    - Cache
  - SwiftyJSON (2.3.1)

DEPENDENCIES:
  - Cache (from `https://github.com/hyperoslo/Cache`)
  - Fakery
  - Imaginary (from `../../`)

EXTERNAL SOURCES:
  Cache:
    :git: https://github.com/hyperoslo/Cache
  Imaginary:
    :path: ../../

CHECKOUT OPTIONS:
  Cache:
    :commit: 508728a9b540e25e21a9c721a32d2a74aa63bee9
    :git: https://github.com/hyperoslo/Cache

SPEC CHECKSUMS:
  Cache: 59ea9dbb71dfa1ba68a6efe295e907603b3066da
  Fakery: 593389814fb7c42fe7f0801e76c8ae55b95505e7
  Imaginary: feaea646440c68a9b6ed66a46597d548b9a44207
  SwiftyJSON: 592b53bee5ef3dd9b3bebc6b9cb7ee35426ae8c3

COCOAPODS: 0.39.0
