PODS:
  - Cache (5.3.0)
  - Imaginary (4.3.0):
    - Cache (~> 5.3.0)

DEPENDENCIES:
  - Imaginary (from `../../`)

SPEC REPOS:
  trunk:
    - Cache

EXTERNAL SOURCES:
  Imaginary:
    :path: "../../"

SPEC CHECKSUMS:
  Cache: 48762993ec44e1d93483c4d4a13edd18452326f4
  Imaginary: c3153bbdfadcf1736d736e307d80717b7a8c6040

PODFILE CHECKSUM: 317cccf04e61f3f6f7e8a7e2dbc1ad0f7fa2beee

COCOAPODS: 1.9.3
