PODS:
  - Cache (2.2.2):
    - CryptoSwift
  - CryptoSwift (0.6.1)
  - Imaginary (1.0.1):
    - Cache (~> 2.0)

DEPENDENCIES:
  - Cache
  - CryptoSwift
  - Imaginary (from `../../`)

EXTERNAL SOURCES:
  Imaginary:
    :path: "../../"

SPEC CHECKSUMS:
  Cache: b00196618af3facf17986fadda228cc77b5a5a10
  CryptoSwift: abdbc1bf32c89117c6b403810a7b30f742d86e68
  Imaginary: d0aede1399f7a5e401428d54ee75dddaaea65e4e

PODFILE CHECKSUM: 2d46eb83f50a2f0a2d6daf8c4f633a6bdf57f01c

COCOAPODS: 1.2.0
