PODS:
  - Cache (3.0.0):
    - SwiftHash (~> 1.3.0)
  - Imaginary (1.0.2):
    - Cache (~> 3.0)
  - SwiftHash (1.3.0)

DEPENDENCIES:
  - Cache (from `https://github.com/hyperoslo/Cache`)
  - Imaginary (from `../../`)

EXTERNAL SOURCES:
  Cache:
    :git: https://github.com/hyperoslo/Cache
  Imaginary:
    :path: "../../"

CHECKOUT OPTIONS:
  Cache:
    :commit: 199a19a445fe5c5db1f75b59d65a220fc96ed8ea
    :git: https://github.com/hyperoslo/Cache

SPEC CHECKSUMS:
  Cache: 82e21eb6c7b7dfb1af87c0439367c5d9b449a498
  Imaginary: 3135892ca46c5126cf94df3340e10e267066bd12
  SwiftHash: f924b916b77236ba2aa14d12c70e71314e66eb06

PODFILE CHECKSUM: cbb498067d711a0ef60b73f3428a330b9cdde7e2

COCOAPODS: 1.2.1
