{
  "object": {
    "pins": [
      {
        "package": "Cache",
        "repositoryURL": "https://github.com/hyperoslo/Cache.git",
        "state": {
          "branch": "master",
          "revision": "c7f4d633049c3bd649a353bad36f6c17e9df085f",
          "version": null
        }
      }
    ]
  },
  "version": 1
}
