{
  "object": {
    "pins": [
      {
        "package": "Cache",
        "repositoryURL": "https://github.com/hyperoslo/Cache.git",
        "state": {
          "branch": "master",
          "revision": "042b2cd22d3c8c30fdcead0c613de94a1d648123",
          "version": null
        }
      }
    ]
  },
  "version": 1
}
